// !$*UTF8*$!
{
	archiveVersion = 1;
	classes = {
	};
	objectVersion = 46;
	objects = {

/* Begin PBXBuildFile section */
		6DB2636D1D887D61007BBBCF /* AppDelegate.swift in Sources */ = {isa = PBXBuildFile; fileRef = 6DB2636C1D887D61007BBBCF /* AppDelegate.swift */; };
		6DB2636F1D887D61007BBBCF /* MasterViewController.swift in Sources */ = {isa = PBXBuildFile; fileRef = 6DB2636E1D887D61007BBBCF /* MasterViewController.swift */; };
		6DB263711D887D61007BBBCF /* DetailViewController.swift in Sources */ = {isa = PBXBuildFile; fileRef = 6DB263701D887D61007BBBCF /* DetailViewController.swift */; };
		6DB263741D887D61007BBBCF /* Main.storyboard in Resources */ = {isa = PBXBuildFile; fileRef = 6DB263721D887D61007BBBCF /* Main.storyboard */; };
		6DB263761D887D61007BBBCF /* Assets.xcassets in Resources */ = {isa = PBXBuildFile; fileRef = 6DB263751D887D61007BBBCF /* Assets.xcassets */; };
		6DB263791D887D61007BBBCF /* LaunchScreen.storyboard in Resources */ = {isa = PBXBuildFile; fileRef = 6DB263771D887D61007BBBCF /* LaunchScreen.storyboard */; };
		6DB263841D887D61007BBBCF /* cronutappTests.swift in Sources */ = {isa = PBXBuildFile; fileRef = 6DB263831D887D61007BBBCF /* cronutappTests.swift */; };
		6DB2638F1D887D61007BBBCF /* cronutappUITests.swift in Sources */ = {isa = PBXBuildFile; fileRef = 6DB2638E1D887D61007BBBCF /* cronutappUITests.swift */; };
		BA4522071DB4097400E39551 /* splash.png in Resources */ = {isa = PBXBuildFile; fileRef = BA4522061DB4097400E39551 /* splash.png */; };
		BA6397391DB4162300C96B12 /* slack-imgs.com.png in Resources */ = {isa = PBXBuildFile; fileRef = BA6397381DB4162300C96B12 /* slack-imgs.com.png */; };
/* End PBXBuildFile section */

/* Begin PBXContainerItemProxy section */
		6DB263801D887D61007BBBCF /* PBXContainerItemProxy */ = {
			isa = PBXContainerItemProxy;
			containerPortal = 6DB263611D887D61007BBBCF /* Project object */;
			proxyType = 1;
			remoteGlobalIDString = 6DB263681D887D61007BBBCF;
			remoteInfo = cronutapp;
		};
		6DB2638B1D887D61007BBBCF /* PBXContainerItemProxy */ = {
			isa = PBXContainerItemProxy;
			containerPortal = 6DB263611D887D61007BBBCF /* Project object */;
			proxyType = 1;
			remoteGlobalIDString = 6DB263681D887D61007BBBCF;
			remoteInfo = cronutapp;
		};
/* End PBXContainerItemProxy section */

/* Begin PBXFileReference section */
		6DB263691D887D61007BBBCF /* cronutapp.app */ = {isa = PBXFileReference; explicitFileType = wrapper.application; includeInIndex = 0; path = cronutapp.app; sourceTree = BUILT_PRODUCTS_DIR; };
		6DB2636C1D887D61007BBBCF /* AppDelegate.swift */ = {isa = PBXFileReference; lastKnownFileType = sourcecode.swift; path = AppDelegate.swift; sourceTree = "<group>"; };
		6DB2636E1D887D61007BBBCF /* MasterViewController.swift */ = {isa = PBXFileReference; lastKnownFileType = sourcecode.swift; path = MasterViewController.swift; sourceTree = "<group>"; };
		6DB263701D887D61007BBBCF /* DetailViewController.swift */ = {isa = PBXFileReference; lastKnownFileType = sourcecode.swift; path = DetailViewController.swift; sourceTree = "<group>"; };
		6DB263731D887D61007BBBCF /* Base */ = {isa = PBXFileReference; lastKnownFileType = file.storyboard; name = Base; path = Base.lproj/Main.storyboard; sourceTree = "<group>"; };
		6DB263751D887D61007BBBCF /* Assets.xcassets */ = {isa = PBXFileReference; lastKnownFileType = folder.assetcatalog; path = Assets.xcassets; sourceTree = "<group>"; };
		6DB263781D887D61007BBBCF /* Base */ = {isa = PBXFileReference; lastKnownFileType = file.storyboard; name = Base; path = Base.lproj/LaunchScreen.storyboard; sourceTree = "<group>"; };
		6DB2637A1D887D61007BBBCF /* Info.plist */ = {isa = PBXFileReference; lastKnownFileType = text.plist.xml; path = Info.plist; sourceTree = "<group>"; };
		6DB2637F1D887D61007BBBCF /* cronutappTests.xctest */ = {isa = PBXFileReference; explicitFileType = wrapper.cfbundle; includeInIndex = 0; path = cronutappTests.xctest; sourceTree = BUILT_PRODUCTS_DIR; };
		6DB263831D887D61007BBBCF /* cronutappTests.swift */ = {isa = PBXFileReference; lastKnownFileType = sourcecode.swift; path = cronutappTests.swift; sourceTree = "<group>"; };
		6DB263851D887D61007BBBCF /* Info.plist */ = {isa = PBXFileReference; lastKnownFileType = text.plist.xml; path = Info.plist; sourceTree = "<group>"; };
		6DB2638A1D887D61007BBBCF /* cronutappUITests.xctest */ = {isa = PBXFileReference; explicitFileType = wrapper.cfbundle; includeInIndex = 0; path = cronutappUITests.xctest; sourceTree = BUILT_PRODUCTS_DIR; };
		6DB2638E1D887D61007BBBCF /* cronutappUITests.swift */ = {isa = PBXFileReference; lastKnownFileType = sourcecode.swift; path = cronutappUITests.swift; sourceTree = "<group>"; };
		6DB263901D887D61007BBBCF /* Info.plist */ = {isa = PBXFileReference; lastKnownFileType = text.plist.xml; path = Info.plist; sourceTree = "<group>"; };
		BA4522061DB4097400E39551 /* splash.png */ = {isa = PBXFileReference; lastKnownFileType = image.png; name = splash.png; path = ../Images/splash.png; sourceTree = "<group>"; };
		BA6397381DB4162300C96B12 /* slack-imgs.com.png */ = {isa = PBXFileReference; lastKnownFileType = image.png; name = "slack-imgs.com.png"; path = "../Images/slack-imgs.com.png"; sourceTree = "<group>"; };
/* End PBXFileReference section */

/* Begin PBXFrameworksBuildPhase section */
		6DB263661D887D61007BBBCF /* Frameworks */ = {
			isa = PBXFrameworksBuildPhase;
			buildActionMask = 2147483647;
			files = (
			);
			runOnlyForDeploymentPostprocessing = 0;
		};
		6DB2637C1D887D61007BBBCF /* Frameworks */ = {
			isa = PBXFrameworksBuildPhase;
			buildActionMask = 2147483647;
			files = (
			);
			runOnlyForDeploymentPostprocessing = 0;
		};
		6DB263871D887D61007BBBCF /* Frameworks */ = {
			isa = PBXFrameworksBuildPhase;
			buildActionMask = 2147483647;
			files = (
			);
			runOnlyForDeploymentPostprocessing = 0;
		};
/* End PBXFrameworksBuildPhase section */

/* Begin PBXGroup section */
		6DB263601D887D61007BBBCF = {
			isa = PBXGroup;
			children = (
				BA6397381DB4162300C96B12 /* slack-imgs.com.png */,
				BA4522061DB4097400E39551 /* splash.png */,
				6DB2636B1D887D61007BBBCF /* cronutapp */,
				6DB263821D887D61007BBBCF /* cronutappTests */,
				6DB2638D1D887D61007BBBCF /* cronutappUITests */,
				6DB2636A1D887D61007BBBCF /* Products */,
			);
			sourceTree = "<group>";
		};
		6DB2636A1D887D61007BBBCF /* Products */ = {
			isa = PBXGroup;
			children = (
				6DB263691D887D61007BBBCF /* cronutapp.app */,
				6DB2637F1D887D61007BBBCF /* cronutappTests.xctest */,
				6DB2638A1D887D61007BBBCF /* cronutappUITests.xctest */,
			);
			name = Products;
			sourceTree = "<group>";
		};
		6DB2636B1D887D61007BBBCF /* cronutapp */ = {
			isa = PBXGroup;
			children = (
				6DB2636C1D887D61007BBBCF /* AppDelegate.swift */,
				6DB2636E1D887D61007BBBCF /* MasterViewController.swift */,
				6DB263701D887D61007BBBCF /* DetailViewController.swift */,
				6DB263721D887D61007BBBCF /* Main.storyboard */,
				6DB263751D887D61007BBBCF /* Assets.xcassets */,
				6DB263771D887D61007BBBCF /* LaunchScreen.storyboard */,
				6DB2637A1D887D61007BBBCF /* Info.plist */,
			);
			path = cronutapp;
			sourceTree = "<group>";
		};
		6DB263821D887D61007BBBCF /* cronutappTests */ = {
			isa = PBXGroup;
			children = (
				6DB263831D887D61007BBBCF /* cronutappTests.swift */,
				6DB263851D887D61007BBBCF /* Info.plist */,
			);
			path = cronutappTests;
			sourceTree = "<group>";
		};
		6DB2638D1D887D61007BBBCF /* cronutappUITests */ = {
			isa = PBXGroup;
			children = (
				6DB2638E1D887D61007BBBCF /* cronutappUITests.swift */,
				6DB263901D887D61007BBBCF /* Info.plist */,
			);
			path = cronutappUITests;
			sourceTree = "<group>";
		};
/* End PBXGroup section */

/* Begin PBXNativeTarget section */
		6DB263681D887D61007BBBCF /* cronutapp */ = {
			isa = PBXNativeTarget;
			buildConfigurationList = 6DB263931D887D61007BBBCF /* Build configuration list for PBXNativeTarget "cronutapp" */;
			buildPhases = (
				6DB263651D887D61007BBBCF /* Sources */,
				6DB263661D887D61007BBBCF /* Frameworks */,
				6DB263671D887D61007BBBCF /* Resources */,
			);
			buildRules = (
			);
			dependencies = (
			);
			name = cronutapp;
			productName = cronutapp;
			productReference = 6DB263691D887D61007BBBCF /* cronutapp.app */;
			productType = "com.apple.product-type.application";
		};
		6DB2637E1D887D61007BBBCF /* cronutappTests */ = {
			isa = PBXNativeTarget;
			buildConfigurationList = 6DB263961D887D61007BBBCF /* Build configuration list for PBXNativeTarget "cronutappTests" */;
			buildPhases = (
				6DB2637B1D887D61007BBBCF /* Sources */,
				6DB2637C1D887D61007BBBCF /* Frameworks */,
				6DB2637D1D887D61007BBBCF /* Resources */,
			);
			buildRules = (
			);
			dependencies = (
				6DB263811D887D61007BBBCF /* PBXTargetDependency */,
			);
			name = cronutappTests;
			productName = cronutappTests;
			productReference = 6DB2637F1D887D61007BBBCF /* cronutappTests.xctest */;
			productType = "com.apple.product-type.bundle.unit-test";
		};
		6DB263891D887D61007BBBCF /* cronutappUITests */ = {
			isa = PBXNativeTarget;
			buildConfigurationList = 6DB263991D887D61007BBBCF /* Build configuration list for PBXNativeTarget "cronutappUITests" */;
			buildPhases = (
				6DB263861D887D61007BBBCF /* Sources */,
				6DB263871D887D61007BBBCF /* Frameworks */,
				6DB263881D887D61007BBBCF /* Resources */,
			);
			buildRules = (
			);
			dependencies = (
				6DB2638C1D887D61007BBBCF /* PBXTargetDependency */,
			);
			name = cronutappUITests;
			productName = cronutappUITests;
			productReference = 6DB2638A1D887D61007BBBCF /* cronutappUITests.xctest */;
			productType = "com.apple.product-type.bundle.ui-testing";
		};
/* End PBXNativeTarget section */

/* Begin PBXProject section */
		6DB263611D887D61007BBBCF /* Project object */ = {
			isa = PBXProject;
			attributes = {
				LastSwiftUpdateCheck = 0720;
				LastUpgradeCheck = 0720;
				ORGANIZATIONNAME = cronut;
				TargetAttributes = {
					6DB263681D887D61007BBBCF = {
						CreatedOnToolsVersion = 7.2.1;
						LastSwiftMigration = 0800;
					};
					6DB2637E1D887D61007BBBCF = {
						CreatedOnToolsVersion = 7.2.1;
						LastSwiftMigration = 0800;
						TestTargetID = 6DB263681D887D61007BBBCF;
					};
					6DB263891D887D61007BBBCF = {
						CreatedOnToolsVersion = 7.2.1;
						LastSwiftMigration = 0800;
						TestTargetID = 6DB263681D887D61007BBBCF;
					};
				};
			};
			buildConfigurationList = 6DB263641D887D61007BBBCF /* Build configuration list for PBXProject "cronutapp" */;
			compatibilityVersion = "Xcode 3.2";
			developmentRegion = English;
			hasScannedForEncodings = 0;
			knownRegions = (
				en,
				Base,
			);
			mainGroup = 6DB263601D887D61007BBBCF;
			productRefGroup = 6DB2636A1D887D61007BBBCF /* Products */;
			projectDirPath = "";
			projectRoot = "";
			targets = (
				6DB263681D887D61007BBBCF /* cronutapp */,
				6DB2637E1D887D61007BBBCF /* cronutappTests */,
				6DB263891D887D61007BBBCF /* cronutappUITests */,
			);
		};
/* End PBXProject section */

/* Begin PBXResourcesBuildPhase section */
		6DB263671D887D61007BBBCF /* Resources */ = {
			isa = PBXResourcesBuildPhase;
			buildActionMask = 2147483647;
			files = (
				BA4522071DB4097400E39551 /* splash.png in Resources */,
				6DB263791D887D61007BBBCF /* LaunchScreen.storyboard in Resources */,
				6DB263761D887D61007BBBCF /* Assets.xcassets in Resources */,
				BA6397391DB4162300C96B12 /* slack-imgs.com.png in Resources */,
				6DB263741D887D61007BBBCF /* Main.storyboard in Resources */,
			);
			runOnlyForDeploymentPostprocessing = 0;
		};
		6DB2637D1D887D61007BBBCF /* Resources */ = {
			isa = PBXResourcesBuildPhase;
			buildActionMask = 2147483647;
			files = (
			);
			runOnlyForDeploymentPostprocessing = 0;
		};
		6DB263881D887D61007BBBCF /* Resources */ = {
			isa = PBXResourcesBuildPhase;
			buildActionMask = 2147483647;
			files = (
			);
			runOnlyForDeploymentPostprocessing = 0;
		};
/* End PBXResourcesBuildPhase section */

/* Begin PBXSourcesBuildPhase section */
		6DB263651D887D61007BBBCF /* Sources */ = {
			isa = PBXSourcesBuildPhase;
			buildActionMask = 2147483647;
			files = (
				6DB263711D887D61007BBBCF /* DetailViewController.swift in Sources */,
				6DB2636F1D887D61007BBBCF /* MasterViewController.swift in Sources */,
				6DB2636D1D887D61007BBBCF /* AppDelegate.swift in Sources */,
			);
			runOnlyForDeploymentPostprocessing = 0;
		};
		6DB2637B1D887D61007BBBCF /* Sources */ = {
			isa = PBXSourcesBuildPhase;
			buildActionMask = 2147483647;
			files = (
				6DB263841D887D61007BBBCF /* cronutappTests.swift in Sources */,
			);
			runOnlyForDeploymentPostprocessing = 0;
		};
		6DB263861D887D61007BBBCF /* Sources */ = {
			isa = PBXSourcesBuildPhase;
			buildActionMask = 2147483647;
			files = (
				6DB2638F1D887D61007BBBCF /* cronutappUITests.swift in Sources */,
			);
			runOnlyForDeploymentPostprocessing = 0;
		};
/* End PBXSourcesBuildPhase section */

/* Begin PBXTargetDependency section */
		6DB263811D887D61007BBBCF /* PBXTargetDependency */ = {
			isa = PBXTargetDependency;
			target = 6DB263681D887D61007BBBCF /* cronutapp */;
			targetProxy = 6DB263801D887D61007BBBCF /* PBXContainerItemProxy */;
		};
		6DB2638C1D887D61007BBBCF /* PBXTargetDependency */ = {
			isa = PBXTargetDependency;
			target = 6DB263681D887D61007BBBCF /* cronutapp */;
			targetProxy = 6DB2638B1D887D61007BBBCF /* PBXContainerItemProxy */;
		};
/* End PBXTargetDependency section */

/* Begin PBXVariantGroup section */
		6DB263721D887D61007BBBCF /* Main.storyboard */ = {
			isa = PBXVariantGroup;
			children = (
				6DB263731D887D61007BBBCF /* Base */,
			);
			name = Main.storyboard;
			sourceTree = "<group>";
		};
		6DB263771D887D61007BBBCF /* LaunchScreen.storyboard */ = {
			isa = PBXVariantGroup;
			children = (
				6DB263781D887D61007BBBCF /* Base */,
			);
			name = LaunchScreen.storyboard;
			sourceTree = "<group>";
		};
/* End PBXVariantGroup section */

/* Begin XCBuildConfiguration section */
		6DB263911D887D61007BBBCF /* Debug */ = {
			isa = XCBuildConfiguration;
			buildSettings = {
				ALWAYS_SEARCH_USER_PATHS = NO;
				CLANG_CXX_LANGUAGE_STANDARD = "gnu++0x";
				CLANG_CXX_LIBRARY = "libc++";
				CLANG_ENABLE_MODULES = YES;
				CLANG_ENABLE_OBJC_ARC = YES;
				CLANG_WARN_BOOL_CONVERSION = YES;
				CLANG_WARN_CONSTANT_CONVERSION = YES;
				CLANG_WARN_DIRECT_OBJC_ISA_USAGE = YES_ERROR;
				CLANG_WARN_EMPTY_BODY = YES;
				CLANG_WARN_ENUM_CONVERSION = YES;
				CLANG_WARN_INT_CONVERSION = YES;
				CLANG_WARN_OBJC_ROOT_CLASS = YES_ERROR;
				CLANG_WARN_UNREACHABLE_CODE = YES;
				CLANG_WARN__DUPLICATE_METHOD_MATCH = YES;
				"CODE_SIGN_IDENTITY[sdk=iphoneos*]" = "iPhone Developer";
				COPY_PHASE_STRIP = NO;
				DEBUG_INFORMATION_FORMAT = dwarf;
				ENABLE_STRICT_OBJC_MSGSEND = YES;
				ENABLE_TESTABILITY = YES;
				GCC_C_LANGUAGE_STANDARD = gnu99;
				GCC_DYNAMIC_NO_PIC = NO;
				GCC_NO_COMMON_BLOCKS = YES;
				GCC_OPTIMIZATION_LEVEL = 0;
				GCC_PREPROCESSOR_DEFINITIONS = (
					"DEBUG=1",
					"$(inherited)",
				);
				GCC_WARN_64_TO_32_BIT_CONVERSION = YES;
				GCC_WARN_ABOUT_RETURN_TYPE = YES_ERROR;
				GCC_WARN_UNDECLARED_SELECTOR = YES;
				GCC_WARN_UNINITIALIZED_AUTOS = YES_AGGRESSIVE;
				GCC_WARN_UNUSED_FUNCTION = YES;
				GCC_WARN_UNUSED_VARIABLE = YES;
				IPHONEOS_DEPLOYMENT_TARGET = 9.2;
				MTL_ENABLE_DEBUG_INFO = YES;
				ONLY_ACTIVE_ARCH = YES;
				SDKROOT = iphoneos;
				SWIFT_OPTIMIZATION_LEVEL = "-Onone";
				TARGETED_DEVICE_FAMILY = "1,2";
			};
			name = Debug;
		};
		6DB263921D887D61007BBBCF /* Release */ = {
			isa = XCBuildConfiguration;
			buildSettings = {
				ALWAYS_SEARCH_USER_PATHS = NO;
				CLANG_CXX_LANGUAGE_STANDARD = "gnu++0x";
				CLANG_CXX_LIBRARY = "libc++";
				CLANG_ENABLE_MODULES = YES;
				CLANG_ENABLE_OBJC_ARC = YES;
				CLANG_WARN_BOOL_CONVERSION = YES;
				CLANG_WARN_CONSTANT_CONVERSION = YES;
				CLANG_WARN_DIRECT_OBJC_ISA_USAGE = YES_ERROR;
				CLANG_WARN_EMPTY_BODY = YES;
				CLANG_WARN_ENUM_CONVERSION = YES;
				CLANG_WARN_INT_CONVERSION = YES;
				CLANG_WARN_OBJC_ROOT_CLASS = YES_ERROR;
				CLANG_WARN_UNREACHABLE_CODE = YES;
				CLANG_WARN__DUPLICATE_METHOD_MATCH = YES;
				"CODE_SIGN_IDENTITY[sdk=iphoneos*]" = "iPhone Developer";
				COPY_PHASE_STRIP = NO;
				DEBUG_INFORMATION_FORMAT = "dwarf-with-dsym";
				ENABLE_NS_ASSERTIONS = NO;
				ENABLE_STRICT_OBJC_MSGSEND = YES;
				GCC_C_LANGUAGE_STANDARD = gnu99;
				GCC_NO_COMMON_BLOCKS = YES;
				GCC_WARN_64_TO_32_BIT_CONVERSION = YES;
				GCC_WARN_ABOUT_RETURN_TYPE = YES_ERROR;
				GCC_WARN_UNDECLARED_SELECTOR = YES;
				GCC_WARN_UNINITIALIZED_AUTOS = YES_AGGRESSIVE;
				GCC_WARN_UNUSED_FUNCTION = YES;
				GCC_WARN_UNUSED_VARIABLE = YES;
				IPHONEOS_DEPLOYMENT_TARGET = 9.2;
				MTL_ENABLE_DEBUG_INFO = NO;
				SDKROOT = iphoneos;
				TARGETED_DEVICE_FAMILY = "1,2";
				VALIDATE_PRODUCT = YES;
			};
			name = Release;
		};
		6DB263941D887D61007BBBCF /* Debug */ = {
			isa = XCBuildConfiguration;
			buildSettings = {
				ASSETCATALOG_COMPILER_APPICON_NAME = AppIcon;
				INFOPLIST_FILE = cronutapp/Info.plist;
				LD_RUNPATH_SEARCH_PATHS = "$(inherited) @executable_path/Frameworks";
				PRODUCT_BUNDLE_IDENTIFIER = com.23p.cronutapp;
				PRODUCT_NAME = "$(TARGET_NAME)";
				SWIFT_VERSION = 3.0;
			};
			name = Debug;
		};
		6DB263951D887D61007BBBCF /* Release */ = {
			isa = XCBuildConfiguration;
			buildSettings = {
				ASSETCATALOG_COMPILER_APPICON_NAME = AppIcon;
				INFOPLIST_FILE = cronutapp/Info.plist;
				LD_RUNPATH_SEARCH_PATHS = "$(inherited) @executable_path/Frameworks";
				PRODUCT_BUNDLE_IDENTIFIER = com.23p.cronutapp;
				PRODUCT_NAME = "$(TARGET_NAME)";
				SWIFT_VERSION = 3.0;
			};
			name = Release;
		};
		6DB263971D887D61007BBBCF /* Debug */ = {
			isa = XCBuildConfiguration;
			buildSettings = {
				BUNDLE_LOADER = "$(TEST_HOST)";
				INFOPLIST_FILE = cronutappTests/Info.plist;
				LD_RUNPATH_SEARCH_PATHS = "$(inherited) @executable_path/Frameworks @loader_path/Frameworks";
				PRODUCT_BUNDLE_IDENTIFIER = com.23p.cronutappTests;
				PRODUCT_NAME = "$(TARGET_NAME)";
				SWIFT_VERSION = 3.0;
				TEST_HOST = "$(BUILT_PRODUCTS_DIR)/cronutapp.app/cronutapp";
			};
			name = Debug;
		};
		6DB263981D887D61007BBBCF /* Release */ = {
			isa = XCBuildConfiguration;
			buildSettings = {
				BUNDLE_LOADER = "$(TEST_HOST)";
				INFOPLIST_FILE = cronutappTests/Info.plist;
				LD_RUNPATH_SEARCH_PATHS = "$(inherited) @executable_path/Frameworks @loader_path/Frameworks";
				PRODUCT_BUNDLE_IDENTIFIER = com.23p.cronutappTests;
				PRODUCT_NAME = "$(TARGET_NAME)";
				SWIFT_VERSION = 3.0;
				TEST_HOST = "$(BUILT_PRODUCTS_DIR)/cronutapp.app/cronutapp";
			};
			name = Release;
		};
		6DB2639A1D887D61007BBBCF /* Debug */ = {
			isa = XCBuildConfiguration;
			buildSettings = {
				INFOPLIST_FILE = cronutappUITests/Info.plist;
				LD_RUNPATH_SEARCH_PATHS = "$(inherited) @executable_path/Frameworks @loader_path/Frameworks";
				PRODUCT_BUNDLE_IDENTIFIER = com.23p.cronutappUITests;
				PRODUCT_NAME = "$(TARGET_NAME)";
				SWIFT_VERSION = 3.0;
				TEST_TARGET_NAME = cronutapp;
				USES_XCTRUNNER = YES;
			};
			name = Debug;
		};
		6DB2639B1D887D61007BBBCF /* Release */ = {
			isa = XCBuildConfiguration;
			buildSettings = {
				INFOPLIST_FILE = cronutappUITests/Info.plist;
				LD_RUNPATH_SEARCH_PATHS = "$(inherited) @executable_path/Frameworks @loader_path/Frameworks";
				PRODUCT_BUNDLE_IDENTIFIER = com.23p.cronutappUITests;
				PRODUCT_NAME = "$(TARGET_NAME)";
				SWIFT_VERSION = 3.0;
				TEST_TARGET_NAME = cronutapp;
				USES_XCTRUNNER = YES;
			};
			name = Release;
		};
/* End XCBuildConfiguration section */

/* Begin XCConfigurationList section */
		6DB263641D887D61007BBBCF /* Build configuration list for PBXProject "cronutapp" */ = {
			isa = XCConfigurationList;
			buildConfigurations = (
				6DB263911D887D61007BBBCF /* Debug */,
				6DB263921D887D61007BBBCF /* Release */,
			);
			defaultConfigurationIsVisible = 0;
			defaultConfigurationName = Release;
		};
		6DB263931D887D61007BBBCF /* Build configuration list for PBXNativeTarget "cronutapp" */ = {
			isa = XCConfigurationList;
			buildConfigurations = (
				6DB263941D887D61007BBBCF /* Debug */,
				6DB263951D887D61007BBBCF /* Release */,
			);
			defaultConfigurationIsVisible = 0;
			defaultConfigurationName = Release;
		};
		6DB263961D887D61007BBBCF /* Build configuration list for PBXNativeTarget "cronutappTests" */ = {
			isa = XCConfigurationList;
			buildConfigurations = (
				6DB263971D887D61007BBBCF /* Debug */,
				6DB263981D887D61007BBBCF /* Release */,
			);
			defaultConfigurationIsVisible = 0;
			defaultConfigurationName = Release;
		};
		6DB263991D887D61007BBBCF /* Build configuration list for PBXNativeTarget "cronutappUITests" */ = {
			isa = XCConfigurationList;
			buildConfigurations = (
				6DB2639A1D887D61007BBBCF /* Debug */,
				6DB2639B1D887D61007BBBCF /* Release */,
			);
			defaultConfigurationIsVisible = 0;
			defaultConfigurationName = Release;
		};
/* End XCConfigurationList section */
	};
	rootObject = 6DB263611D887D61007BBBCF /* Project object */;
}
